
Microsoft Visual Studio Solution File, Format Version 12.00
# Visual Studio Version 17
VisualStudioVersion = 17.5.002.0
MinimumVisualStudioVersion = 10.0.40219.1
Project("{9A19103F-16F7-4668-BE54-9A1E7A4F7556}") = "4.4", "4.4.csproj", "{CD967D9F-1B20-4A34-A0FB-C1D37C48C1F7}"
EndProject
Global
	GlobalSection(SolutionConfigurationPlatforms) = preSolution
		Debug|Any CPU = Debug|Any CPU
		Release|Any CPU = Release|Any CPU
	EndGlobalSection
	GlobalSection(ProjectConfigurationPlatforms) = postSolution
		{CD967D9F-1B20-4A34-A0FB-C1D37C48C1F7}.Debug|Any CPU.ActiveCfg = Debug|Any CPU
		{CD967D9F-1B20-4A34-A0FB-C1D37C48C1F7}.Debug|Any CPU.Build.0 = Debug|Any CPU
		{CD967D9F-1B20-4A34-A0FB-C1D37C48C1F7}.Release|Any CPU.ActiveCfg = Release|Any CPU
		{CD967D9F-1B20-4A34-A0FB-C1D37C48C1F7}.Release|Any CPU.Build.0 = Release|Any CPU
	EndGlobalSection
	GlobalSection(SolutionProperties) = preSolution
		HideSolutionNode = FALSE
	EndGlobalSection
	GlobalSection(ExtensibilityGlobals) = postSolution
		SolutionGuid = {7B8433C1-E987-4A76-B97C-7034F8B4DBA8}
	EndGlobalSection
EndGlobal
